
Microsoft Visual Studio Solution File, Format Version 12.00
# Visual Studio Version 17
VisualStudioVersion = 17.3.32922.545
MinimumVisualStudioVersion = 10.0.40219.1
Project("{FAE04EC0-301F-11D3-BF4B-00C04F79EFBC}") = "Week6StringsAndArrays", "Week6StringsAndArrays\Week6StringsAndArrays.csproj", "{FEDE31E2-F86C-4A9A-86FC-511D06818517}"
EndProject
Project("{FAE04EC0-301F-11D3-BF4B-00C04F79EFBC}") = "Arrays", "Arrays\Arrays.csproj", "{4C113896-202A-4B4F-8049-B4CABFC985B8}"
EndProject
Project("{FAE04EC0-301F-11D3-BF4B-00C04F79EFBC}") = "NumberArrays", "NumberArrays\NumberArrays.csproj", "{0C9BD2FF-1FFA-41A5-86C3-43D2ACC49DC8}"
EndProject
Project("{FAE04EC0-301F-11D3-BF4B-00C04F79EFBC}") = "RandomElement", "RandomElement\RandomElement.csproj", "{FC1543E7-3388-445B-8125-978FB1A2D18B}"
EndProject
Global
	GlobalSection(SolutionConfigurationPlatforms) = preSolution
		Debug|Any CPU = Debug|Any CPU
		Release|Any CPU = Release|Any CPU
	EndGlobalSection
	GlobalSection(ProjectConfigurationPlatforms) = postSolution
		{FEDE31E2-F86C-4A9A-86FC-511D06818517}.Debug|Any CPU.ActiveCfg = Debug|Any CPU
		{FEDE31E2-F86C-4A9A-86FC-511D06818517}.Debug|Any CPU.Build.0 = Debug|Any CPU
		{FEDE31E2-F86C-4A9A-86FC-511D06818517}.Release|Any CPU.ActiveCfg = Release|Any CPU
		{FEDE31E2-F86C-4A9A-86FC-511D06818517}.Release|Any CPU.Build.0 = Release|Any CPU
		{4C113896-202A-4B4F-8049-B4CABFC985B8}.Debug|Any CPU.ActiveCfg = Debug|Any CPU
		{4C113896-202A-4B4F-8049-B4CABFC985B8}.Debug|Any CPU.Build.0 = Debug|Any CPU
		{4C113896-202A-4B4F-8049-B4CABFC985B8}.Release|Any CPU.ActiveCfg = Release|Any CPU
		{4C113896-202A-4B4F-8049-B4CABFC985B8}.Release|Any CPU.Build.0 = Release|Any CPU
		{0C9BD2FF-1FFA-41A5-86C3-43D2ACC49DC8}.Debug|Any CPU.ActiveCfg = Debug|Any CPU
		{0C9BD2FF-1FFA-41A5-86C3-43D2ACC49DC8}.Debug|Any CPU.Build.0 = Debug|Any CPU
		{0C9BD2FF-1FFA-41A5-86C3-43D2ACC49DC8}.Release|Any CPU.ActiveCfg = Release|Any CPU
		{0C9BD2FF-1FFA-41A5-86C3-43D2ACC49DC8}.Release|Any CPU.Build.0 = Release|Any CPU
		{FC1543E7-3388-445B-8125-978FB1A2D18B}.Debug|Any CPU.ActiveCfg = Debug|Any CPU
		{FC1543E7-3388-445B-8125-978FB1A2D18B}.Debug|Any CPU.Build.0 = Debug|Any CPU
		{FC1543E7-3388-445B-8125-978FB1A2D18B}.Release|Any CPU.ActiveCfg = Release|Any CPU
		{FC1543E7-3388-445B-8125-978FB1A2D18B}.Release|Any CPU.Build.0 = Release|Any CPU
	EndGlobalSection
	GlobalSection(SolutionProperties) = preSolution
		HideSolutionNode = FALSE
	EndGlobalSection
	GlobalSection(ExtensibilityGlobals) = postSolution
		SolutionGuid = {F3FEB31D-3901-4765-A729-0ED82116BB92}
	EndGlobalSection
EndGlobal
